// !$*UTF8*$!
{
	archiveVersion = 1;
	classes = {
	};
	objectVersion = 46;
	objects = {

/* Begin PBXBuildFile section */
		D03A55FBFA301D698AFC4D5A /* Pods_pokermondex.framework in Frameworks */ = {isa = PBXBuildFile; fileRef = E511E255A6A9665FF5D6277F /* Pods_pokermondex.framework */; };
		D31F03081C11905900C6747B /* PokerCell.swift in Sources */ = {isa = PBXBuildFile; fileRef = D31F03071C11905900C6747B /* PokerCell.swift */; };
		D31F030A1C119F8900C6747B /* csv.swift in Sources */ = {isa = PBXBuildFile; fileRef = D31F03091C119F8900C6747B /* csv.swift */; };
		D31F030F1C11A4C300C6747B /* Pokemon Hollow.ttf in Resources */ = {isa = PBXBuildFile; fileRef = D31F030E1C11A4C300C6747B /* Pokemon Hollow.ttf */; };
		D31F03111C11A57300C6747B /* Pokemon Solid.ttf in Resources */ = {isa = PBXBuildFile; fileRef = D31F03101C11A57300C6747B /* Pokemon Solid.ttf */; };
		D31F03171C11AE7200C6747B /* 01.mp3 in Resources */ = {isa = PBXBuildFile; fileRef = D31F03161C11AE7200C6747B /* 01.mp3 */; };
		D33CF12E1C162B2B00238C26 /* constence.swift in Sources */ = {isa = PBXBuildFile; fileRef = D33CF12D1C162B2B00238C26 /* constence.swift */; };
		D367B4F81C0FA8D700AD569E /* AppDelegate.swift in Sources */ = {isa = PBXBuildFile; fileRef = D367B4F71C0FA8D700AD569E /* AppDelegate.swift */; };
		D367B4FA1C0FA8D700AD569E /* ViewController.swift in Sources */ = {isa = PBXBuildFile; fileRef = D367B4F91C0FA8D700AD569E /* ViewController.swift */; };
		D367B4FF1C0FA8D800AD569E /* Assets.xcassets in Resources */ = {isa = PBXBuildFile; fileRef = D367B4FE1C0FA8D800AD569E /* Assets.xcassets */; };
		D367B5021C0FA8D800AD569E /* LaunchScreen.storyboard in Resources */ = {isa = PBXBuildFile; fileRef = D367B5001C0FA8D800AD569E /* LaunchScreen.storyboard */; };
		D367B50A1C0FAC3200AD569E /* pokemon.csv in Resources */ = {isa = PBXBuildFile; fileRef = D367B5091C0FAC3200AD569E /* pokemon.csv */; };
		D367B50D1C0FAE5800AD569E /* pokermon.swift in Sources */ = {isa = PBXBuildFile; fileRef = D367B50C1C0FAE5800AD569E /* pokermon.swift */; };
		D3D86C6F1C12329600E4B3AF /* PokemonDetailsVC.swift in Sources */ = {isa = PBXBuildFile; fileRef = D3D86C6E1C12329600E4B3AF /* PokemonDetailsVC.swift */; };
		D3D86C721C1238A000E4B3AF /* Main.storyboard in Resources */ = {isa = PBXBuildFile; fileRef = D3D86C701C1238A000E4B3AF /* Main.storyboard */; };
/* End PBXBuildFile section */

/* Begin PBXFileReference section */
		50DF2EA955D3C29626E64A51 /* Pods-pokermondex.release.xcconfig */ = {isa = PBXFileReference; includeInIndex = 1; lastKnownFileType = text.xcconfig; name = "Pods-pokermondex.release.xcconfig"; path = "Pods/Target Support Files/Pods-pokermondex/Pods-pokermondex.release.xcconfig"; sourceTree = "<group>"; };
		D31F03071C11905900C6747B /* PokerCell.swift */ = {isa = PBXFileReference; fileEncoding = 4; lastKnownFileType = sourcecode.swift; path = PokerCell.swift; sourceTree = "<group>"; };
		D31F03091C119F8900C6747B /* csv.swift */ = {isa = PBXFileReference; fileEncoding = 4; lastKnownFileType = sourcecode.swift; path = csv.swift; sourceTree = "<group>"; };
		D31F030E1C11A4C300C6747B /* Pokemon Hollow.ttf */ = {isa = PBXFileReference; lastKnownFileType = file; path = "Pokemon Hollow.ttf"; sourceTree = "<group>"; };
		D31F03101C11A57300C6747B /* Pokemon Solid.ttf */ = {isa = PBXFileReference; lastKnownFileType = file; path = "Pokemon Solid.ttf"; sourceTree = "<group>"; };
		D31F03161C11AE7200C6747B /* 01.mp3 */ = {isa = PBXFileReference; lastKnownFileType = audio.mp3; path = 01.mp3; sourceTree = "<group>"; };
		D33CF12D1C162B2B00238C26 /* constence.swift */ = {isa = PBXFileReference; fileEncoding = 4; lastKnownFileType = sourcecode.swift; path = constence.swift; sourceTree = "<group>"; };
		D367B4F41C0FA8D700AD569E /* pokermondex.app */ = {isa = PBXFileReference; explicitFileType = wrapper.application; includeInIndex = 0; path = pokermondex.app; sourceTree = BUILT_PRODUCTS_DIR; };
		D367B4F71C0FA8D700AD569E /* AppDelegate.swift */ = {isa = PBXFileReference; lastKnownFileType = sourcecode.swift; path = AppDelegate.swift; sourceTree = "<group>"; };
		D367B4F91C0FA8D700AD569E /* ViewController.swift */ = {isa = PBXFileReference; lastKnownFileType = sourcecode.swift; path = ViewController.swift; sourceTree = "<group>"; };
		D367B4FE1C0FA8D800AD569E /* Assets.xcassets */ = {isa = PBXFileReference; lastKnownFileType = folder.assetcatalog; path = Assets.xcassets; sourceTree = "<group>"; };
		D367B5011C0FA8D800AD569E /* Base */ = {isa = PBXFileReference; lastKnownFileType = file.storyboard; name = Base; path = Base.lproj/LaunchScreen.storyboard; sourceTree = "<group>"; };
		D367B5031C0FA8D800AD569E /* Info.plist */ = {isa = PBXFileReference; lastKnownFileType = text.plist.xml; path = Info.plist; sourceTree = "<group>"; };
		D367B5091C0FAC3200AD569E /* pokemon.csv */ = {isa = PBXFileReference; fileEncoding = 4; lastKnownFileType = text; path = pokemon.csv; sourceTree = "<group>"; };
		D367B50C1C0FAE5800AD569E /* pokermon.swift */ = {isa = PBXFileReference; fileEncoding = 4; lastKnownFileType = sourcecode.swift; path = pokermon.swift; sourceTree = "<group>"; };
		D3D86C6E1C12329600E4B3AF /* PokemonDetailsVC.swift */ = {isa = PBXFileReference; fileEncoding = 4; lastKnownFileType = sourcecode.swift; path = PokemonDetailsVC.swift; sourceTree = "<group>"; };
		D3D86C711C1238A000E4B3AF /* Base */ = {isa = PBXFileReference; lastKnownFileType = file.storyboard; name = Base; path = Base.lproj/Main.storyboard; sourceTree = "<group>"; };
		DF0266D0A6C30786E8828434 /* Pods-pokermondex.debug.xcconfig */ = {isa = PBXFileReference; includeInIndex = 1; lastKnownFileType = text.xcconfig; name = "Pods-pokermondex.debug.xcconfig"; path = "Pods/Target Support Files/Pods-pokermondex/Pods-pokermondex.debug.xcconfig"; sourceTree = "<group>"; };
		E511E255A6A9665FF5D6277F /* Pods_pokermondex.framework */ = {isa = PBXFileReference; explicitFileType = wrapper.framework; includeInIndex = 0; path = Pods_pokermondex.framework; sourceTree = BUILT_PRODUCTS_DIR; };
/* End PBXFileReference section */

/* Begin PBXFrameworksBuildPhase section */
		D367B4F11C0FA8D700AD569E /* Frameworks */ = {
			isa = PBXFrameworksBuildPhase;
			buildActionMask = 2147483647;
			files = (
				D03A55FBFA301D698AFC4D5A /* Pods_pokermondex.framework in Frameworks */,
			);
			runOnlyForDeploymentPostprocessing = 0;
		};
/* End PBXFrameworksBuildPhase section */

/* Begin PBXGroup section */
		3C57E2528E5E96EAA5C87209 /* Frameworks */ = {
			isa = PBXGroup;
			children = (
				E511E255A6A9665FF5D6277F /* Pods_pokermondex.framework */,
			);
			name = Frameworks;
			sourceTree = "<group>";
		};
		BD0CD6B03E30895C1A23B347 /* Pods */ = {
			isa = PBXGroup;
			children = (
				DF0266D0A6C30786E8828434 /* Pods-pokermondex.debug.xcconfig */,
				50DF2EA955D3C29626E64A51 /* Pods-pokermondex.release.xcconfig */,
			);
			name = Pods;
			sourceTree = "<group>";
		};
		D31F03061C11902700C6747B /* view */ = {
			isa = PBXGroup;
			children = (
				D31F03071C11905900C6747B /* PokerCell.swift */,
			);
			name = view;
			sourceTree = "<group>";
		};
		D31F030B1C119FA000C6747B /* Util */ = {
			isa = PBXGroup;
			children = (
				D31F03091C119F8900C6747B /* csv.swift */,
				D33CF12D1C162B2B00238C26 /* constence.swift */,
			);
			name = Util;
			sourceTree = "<group>";
		};
		D31F030C1C119FBA00C6747B /* Controller */ = {
			isa = PBXGroup;
			children = (
				D367B4F91C0FA8D700AD569E /* ViewController.swift */,
				D3D86C6E1C12329600E4B3AF /* PokemonDetailsVC.swift */,
			);
			name = Controller;
			sourceTree = "<group>";
		};
		D31F030D1C119FC900C6747B /* resources */ = {
			isa = PBXGroup;
			children = (
				D367B5091C0FAC3200AD569E /* pokemon.csv */,
			);
			name = resources;
			sourceTree = "<group>";
		};
		D367B4EB1C0FA8D700AD569E = {
			isa = PBXGroup;
			children = (
				D367B4F61C0FA8D700AD569E /* pokermondex */,
				D367B4F51C0FA8D700AD569E /* Products */,
				BD0CD6B03E30895C1A23B347 /* Pods */,
				3C57E2528E5E96EAA5C87209 /* Frameworks */,
			);
			sourceTree = "<group>";
		};
		D367B4F51C0FA8D700AD569E /* Products */ = {
			isa = PBXGroup;
			children = (
				D367B4F41C0FA8D700AD569E /* pokermondex.app */,
			);
			name = Products;
			sourceTree = "<group>";
		};
		D367B4F61C0FA8D700AD569E /* pokermondex */ = {
			isa = PBXGroup;
			children = (
				D31F030D1C119FC900C6747B /* resources */,
				D31F030C1C119FBA00C6747B /* Controller */,
				D367B50B1C0FAE4000AD569E /* MOdel */,
				D31F03061C11902700C6747B /* view */,
				D367B4F71C0FA8D700AD569E /* AppDelegate.swift */,
				D31F030B1C119FA000C6747B /* Util */,
				D367B4FE1C0FA8D800AD569E /* Assets.xcassets */,
				D31F030E1C11A4C300C6747B /* Pokemon Hollow.ttf */,
				D31F03101C11A57300C6747B /* Pokemon Solid.ttf */,
				D31F03161C11AE7200C6747B /* 01.mp3 */,
				D3D86C701C1238A000E4B3AF /* Main.storyboard */,
				D367B5001C0FA8D800AD569E /* LaunchScreen.storyboard */,
				D367B5031C0FA8D800AD569E /* Info.plist */,
			);
			path = pokermondex;
			sourceTree = "<group>";
		};
		D367B50B1C0FAE4000AD569E /* MOdel */ = {
			isa = PBXGroup;
			children = (
				D367B50C1C0FAE5800AD569E /* pokermon.swift */,
			);
			name = MOdel;
			sourceTree = "<group>";
		};
/* End PBXGroup section */

/* Begin PBXNativeTarget section */
		D367B4F31C0FA8D700AD569E /* pokermondex */ = {
			isa = PBXNativeTarget;
			buildConfigurationList = D367B5061C0FA8D800AD569E /* Build configuration list for PBXNativeTarget "pokermondex" */;
			buildPhases = (
				CB678CC79027AC0058DB2229 /* Check Pods Manifest.lock */,
				D367B4F01C0FA8D700AD569E /* Sources */,
				D367B4F11C0FA8D700AD569E /* Frameworks */,
				D367B4F21C0FA8D700AD569E /* Resources */,
				32522FDBC3426D1641CB3A12 /* Embed Pods Frameworks */,
				02B534F594613AAD8FDA67AB /* Copy Pods Resources */,
			);
			buildRules = (
			);
			dependencies = (
			);
			name = pokermondex;
			productName = pokermondex;
			productReference = D367B4F41C0FA8D700AD569E /* pokermondex.app */;
			productType = "com.apple.product-type.application";
		};
/* End PBXNativeTarget section */

/* Begin PBXProject section */
		D367B4EC1C0FA8D700AD569E /* Project object */ = {
			isa = PBXProject;
			attributes = {
				LastSwiftUpdateCheck = 0710;
				LastUpgradeCheck = 0710;
				ORGANIZATIONNAME = bjfmedia;
				TargetAttributes = {
					D367B4F31C0FA8D700AD569E = {
						CreatedOnToolsVersion = 7.1;
					};
				};
			};
			buildConfigurationList = D367B4EF1C0FA8D700AD569E /* Build configuration list for PBXProject "pokermondex" */;
			compatibilityVersion = "Xcode 3.2";
			developmentRegion = English;
			hasScannedForEncodings = 0;
			knownRegions = (
				en,
				Base,
			);
			mainGroup = D367B4EB1C0FA8D700AD569E;
			productRefGroup = D367B4F51C0FA8D700AD569E /* Products */;
			projectDirPath = "";
			projectRoot = "";
			targets = (
				D367B4F31C0FA8D700AD569E /* pokermondex */,
			);
		};
/* End PBXProject section */

/* Begin PBXResourcesBuildPhase section */
		D367B4F21C0FA8D700AD569E /* Resources */ = {
			isa = PBXResourcesBuildPhase;
			buildActionMask = 2147483647;
			files = (
				D3D86C721C1238A000E4B3AF /* Main.storyboard in Resources */,
				D367B5021C0FA8D800AD569E /* LaunchScreen.storyboard in Resources */,
				D367B4FF1C0FA8D800AD569E /* Assets.xcassets in Resources */,
				D31F030F1C11A4C300C6747B /* Pokemon Hollow.ttf in Resources */,
				D31F03171C11AE7200C6747B /* 01.mp3 in Resources */,
				D31F03111C11A57300C6747B /* Pokemon Solid.ttf in Resources */,
				D367B50A1C0FAC3200AD569E /* pokemon.csv in Resources */,
			);
			runOnlyForDeploymentPostprocessing = 0;
		};
/* End PBXResourcesBuildPhase section */

/* Begin PBXShellScriptBuildPhase section */
		02B534F594613AAD8FDA67AB /* Copy Pods Resources */ = {
			isa = PBXShellScriptBuildPhase;
			buildActionMask = 2147483647;
			files = (
			);
			inputPaths = (
			);
			name = "Copy Pods Resources";
			outputPaths = (
			);
			runOnlyForDeploymentPostprocessing = 0;
			shellPath = /bin/sh;
			shellScript = "\"${SRCROOT}/Pods/Target Support Files/Pods-pokermondex/Pods-pokermondex-resources.sh\"\n";
			showEnvVarsInLog = 0;
		};
		32522FDBC3426D1641CB3A12 /* Embed Pods Frameworks */ = {
			isa = PBXShellScriptBuildPhase;
			buildActionMask = 2147483647;
			files = (
			);
			inputPaths = (
			);
			name = "Embed Pods Frameworks";
			outputPaths = (
			);
			runOnlyForDeploymentPostprocessing = 0;
			shellPath = /bin/sh;
			shellScript = "\"${SRCROOT}/Pods/Target Support Files/Pods-pokermondex/Pods-pokermondex-frameworks.sh\"\n";
			showEnvVarsInLog = 0;
		};
		CB678CC79027AC0058DB2229 /* Check Pods Manifest.lock */ = {
			isa = PBXShellScriptBuildPhase;
			buildActionMask = 2147483647;
			files = (
			);
			inputPaths = (
			);
			name = "Check Pods Manifest.lock";
			outputPaths = (
			);
			runOnlyForDeploymentPostprocessing = 0;
			shellPath = /bin/sh;
			shellScript = "diff \"${PODS_ROOT}/../Podfile.lock\" \"${PODS_ROOT}/Manifest.lock\" > /dev/null\nif [[ $? != 0 ]] ; then\n    cat << EOM\nerror: The sandbox is not in sync with the Podfile.lock. Run 'pod install' or update your CocoaPods installation.\nEOM\n    exit 1\nfi\n";
			showEnvVarsInLog = 0;
		};
/* End PBXShellScriptBuildPhase section */

/* Begin PBXSourcesBuildPhase section */
		D367B4F01C0FA8D700AD569E /* Sources */ = {
			isa = PBXSourcesBuildPhase;
			buildActionMask = 2147483647;
			files = (
				D367B4FA1C0FA8D700AD569E /* ViewController.swift in Sources */,
				D367B50D1C0FAE5800AD569E /* pokermon.swift in Sources */,
				D367B4F81C0FA8D700AD569E /* AppDelegate.swift in Sources */,
				D31F03081C11905900C6747B /* PokerCell.swift in Sources */,
				D3D86C6F1C12329600E4B3AF /* PokemonDetailsVC.swift in Sources */,
				D33CF12E1C162B2B00238C26 /* constence.swift in Sources */,
				D31F030A1C119F8900C6747B /* csv.swift in Sources */,
			);
			runOnlyForDeploymentPostprocessing = 0;
		};
/* End PBXSourcesBuildPhase section */

/* Begin PBXVariantGroup section */
		D367B5001C0FA8D800AD569E /* LaunchScreen.storyboard */ = {
			isa = PBXVariantGroup;
			children = (
				D367B5011C0FA8D800AD569E /* Base */,
			);
			name = LaunchScreen.storyboard;
			sourceTree = "<group>";
		};
		D3D86C701C1238A000E4B3AF /* Main.storyboard */ = {
			isa = PBXVariantGroup;
			children = (
				D3D86C711C1238A000E4B3AF /* Base */,
			);
			name = Main.storyboard;
			sourceTree = "<group>";
		};
/* End PBXVariantGroup section */

/* Begin XCBuildConfiguration section */
		D367B5041C0FA8D800AD569E /* Debug */ = {
			isa = XCBuildConfiguration;
			buildSettings = {
				ALWAYS_SEARCH_USER_PATHS = NO;
				CLANG_CXX_LANGUAGE_STANDARD = "gnu++0x";
				CLANG_CXX_LIBRARY = "libc++";
				CLANG_ENABLE_MODULES = YES;
				CLANG_ENABLE_OBJC_ARC = YES;
				CLANG_WARN_BOOL_CONVERSION = YES;
				CLANG_WARN_CONSTANT_CONVERSION = YES;
				CLANG_WARN_DIRECT_OBJC_ISA_USAGE = YES_ERROR;
				CLANG_WARN_EMPTY_BODY = YES;
				CLANG_WARN_ENUM_CONVERSION = YES;
				CLANG_WARN_INT_CONVERSION = YES;
				CLANG_WARN_OBJC_ROOT_CLASS = YES_ERROR;
				CLANG_WARN_UNREACHABLE_CODE = YES;
				CLANG_WARN__DUPLICATE_METHOD_MATCH = YES;
				"CODE_SIGN_IDENTITY[sdk=iphoneos*]" = "iPhone Developer";
				COPY_PHASE_STRIP = NO;
				DEBUG_INFORMATION_FORMAT = dwarf;
				ENABLE_STRICT_OBJC_MSGSEND = YES;
				ENABLE_TESTABILITY = YES;
				GCC_C_LANGUAGE_STANDARD = gnu99;
				GCC_DYNAMIC_NO_PIC = NO;
				GCC_NO_COMMON_BLOCKS = YES;
				GCC_OPTIMIZATION_LEVEL = 0;
				GCC_PREPROCESSOR_DEFINITIONS = (
					"DEBUG=1",
					"$(inherited)",
				);
				GCC_WARN_64_TO_32_BIT_CONVERSION = YES;
				GCC_WARN_ABOUT_RETURN_TYPE = YES_ERROR;
				GCC_WARN_UNDECLARED_SELECTOR = YES;
				GCC_WARN_UNINITIALIZED_AUTOS = YES_AGGRESSIVE;
				GCC_WARN_UNUSED_FUNCTION = YES;
				GCC_WARN_UNUSED_VARIABLE = YES;
				IPHONEOS_DEPLOYMENT_TARGET = 9.1;
				MTL_ENABLE_DEBUG_INFO = YES;
				ONLY_ACTIVE_ARCH = YES;
				SDKROOT = iphoneos;
				SWIFT_OPTIMIZATION_LEVEL = "-Onone";
				TARGETED_DEVICE_FAMILY = "1,2";
			};
			name = Debug;
		};
		D367B5051C0FA8D800AD569E /* Release */ = {
			isa = XCBuildConfiguration;
			buildSettings = {
				ALWAYS_SEARCH_USER_PATHS = NO;
				CLANG_CXX_LANGUAGE_STANDARD = "gnu++0x";
				CLANG_CXX_LIBRARY = "libc++";
				CLANG_ENABLE_MODULES = YES;
				CLANG_ENABLE_OBJC_ARC = YES;
				CLANG_WARN_BOOL_CONVERSION = YES;
				CLANG_WARN_CONSTANT_CONVERSION = YES;
				CLANG_WARN_DIRECT_OBJC_ISA_USAGE = YES_ERROR;
				CLANG_WARN_EMPTY_BODY = YES;
				CLANG_WARN_ENUM_CONVERSION = YES;
				CLANG_WARN_INT_CONVERSION = YES;
				CLANG_WARN_OBJC_ROOT_CLASS = YES_ERROR;
				CLANG_WARN_UNREACHABLE_CODE = YES;
				CLANG_WARN__DUPLICATE_METHOD_MATCH = YES;
				"CODE_SIGN_IDENTITY[sdk=iphoneos*]" = "iPhone Developer";
				COPY_PHASE_STRIP = NO;
				DEBUG_INFORMATION_FORMAT = "dwarf-with-dsym";
				ENABLE_NS_ASSERTIONS = NO;
				ENABLE_STRICT_OBJC_MSGSEND = YES;
				GCC_C_LANGUAGE_STANDARD = gnu99;
				GCC_NO_COMMON_BLOCKS = YES;
				GCC_WARN_64_TO_32_BIT_CONVERSION = YES;
				GCC_WARN_ABOUT_RETURN_TYPE = YES_ERROR;
				GCC_WARN_UNDECLARED_SELECTOR = YES;
				GCC_WARN_UNINITIALIZED_AUTOS = YES_AGGRESSIVE;
				GCC_WARN_UNUSED_FUNCTION = YES;
				GCC_WARN_UNUSED_VARIABLE = YES;
				IPHONEOS_DEPLOYMENT_TARGET = 9.1;
				MTL_ENABLE_DEBUG_INFO = NO;
				SDKROOT = iphoneos;
				TARGETED_DEVICE_FAMILY = "1,2";
				VALIDATE_PRODUCT = YES;
			};
			name = Release;
		};
		D367B5071C0FA8D800AD569E /* Debug */ = {
			isa = XCBuildConfiguration;
			baseConfigurationReference = DF0266D0A6C30786E8828434 /* Pods-pokermondex.debug.xcconfig */;
			buildSettings = {
				ASSETCATALOG_COMPILER_APPICON_NAME = AppIcon;
				INFOPLIST_FILE = pokermondex/Info.plist;
				LD_RUNPATH_SEARCH_PATHS = "$(inherited) @executable_path/Frameworks";
				PRODUCT_BUNDLE_IDENTIFIER = dk.bjfmedia.pokermondex;
				PRODUCT_NAME = "$(TARGET_NAME)";
			};
			name = Debug;
		};
		D367B5081C0FA8D800AD569E /* Release */ = {
			isa = XCBuildConfiguration;
			baseConfigurationReference = 50DF2EA955D3C29626E64A51 /* Pods-pokermondex.release.xcconfig */;
			buildSettings = {
				ASSETCATALOG_COMPILER_APPICON_NAME = AppIcon;
				INFOPLIST_FILE = pokermondex/Info.plist;
				LD_RUNPATH_SEARCH_PATHS = "$(inherited) @executable_path/Frameworks";
				PRODUCT_BUNDLE_IDENTIFIER = dk.bjfmedia.pokermondex;
				PRODUCT_NAME = "$(TARGET_NAME)";
			};
			name = Release;
		};
/* End XCBuildConfiguration section */

/* Begin XCConfigurationList section */
		D367B4EF1C0FA8D700AD569E /* Build configuration list for PBXProject "pokermondex" */ = {
			isa = XCConfigurationList;
			buildConfigurations = (
				D367B5041C0FA8D800AD569E /* Debug */,
				D367B5051C0FA8D800AD569E /* Release */,
			);
			defaultConfigurationIsVisible = 0;
			defaultConfigurationName = Release;
		};
		D367B5061C0FA8D800AD569E /* Build configuration list for PBXNativeTarget "pokermondex" */ = {
			isa = XCConfigurationList;
			buildConfigurations = (
				D367B5071C0FA8D800AD569E /* Debug */,
				D367B5081C0FA8D800AD569E /* Release */,
			);
			defaultConfigurationIsVisible = 0;
			defaultConfigurationName = Release;
		};
/* End XCConfigurationList section */
	};
	rootObject = D367B4EC1C0FA8D700AD569E /* Project object */;
}
